
Microsoft Visual Studio Solution File, Format Version 12.00
# Visual Studio Version 16
VisualStudioVersion = 16.0.30413.136
MinimumVisualStudioVersion = 10.0.40219.1
Project("{9A19103F-16F7-4668-BE54-9A1E7A4F7556}") = "AlertToCareApi", "AlertToCareApi\AlertToCareApi.csproj", "{0DE21F1F-2FBE-4CD5-B587-2DDB577BBB29}"
EndProject
Project("{9A19103F-16F7-4668-BE54-9A1E7A4F7556}") = "AlertToCareUnitTest", "AlertToCareUnitTest\AlertToCareUnitTest.csproj", "{5D632BE8-7157-4B98-8FCC-4F778BC922DE}"
EndProject
Project("{9A19103F-16F7-4668-BE54-9A1E7A4F7556}") = "AlertToCareFrontend", "AlertToCareFrontend\AlertToCareFrontend.csproj", "{6F13D25C-B590-4740-8DA7-40465DC589E0}"
EndProject
Project("{9A19103F-16F7-4668-BE54-9A1E7A4F7556}") = "SharedProjects", "..\..\..\..\source\repos\alert-copy\alert-to-care-s21b9\SharedProjects\SharedProjects.csproj", "{74A4F989-273B-4D42-8DD1-ABDA3482316C}"
EndProject
Global
	GlobalSection(SolutionConfigurationPlatforms) = preSolution
		Debug|Any CPU = Debug|Any CPU
		Release|Any CPU = Release|Any CPU
	EndGlobalSection
	GlobalSection(ProjectConfigurationPlatforms) = postSolution
		{0DE21F1F-2FBE-4CD5-B587-2DDB577BBB29}.Debug|Any CPU.ActiveCfg = Debug|Any CPU
		{0DE21F1F-2FBE-4CD5-B587-2DDB577BBB29}.Debug|Any CPU.Build.0 = Debug|Any CPU
		{0DE21F1F-2FBE-4CD5-B587-2DDB577BBB29}.Release|Any CPU.ActiveCfg = Release|Any CPU
		{0DE21F1F-2FBE-4CD5-B587-2DDB577BBB29}.Release|Any CPU.Build.0 = Release|Any CPU
		{5D632BE8-7157-4B98-8FCC-4F778BC922DE}.Debug|Any CPU.ActiveCfg = Debug|Any CPU
		{5D632BE8-7157-4B98-8FCC-4F778BC922DE}.Debug|Any CPU.Build.0 = Debug|Any CPU
		{5D632BE8-7157-4B98-8FCC-4F778BC922DE}.Release|Any CPU.ActiveCfg = Release|Any CPU
		{5D632BE8-7157-4B98-8FCC-4F778BC922DE}.Release|Any CPU.Build.0 = Release|Any CPU
		{6F13D25C-B590-4740-8DA7-40465DC589E0}.Debug|Any CPU.ActiveCfg = Debug|Any CPU
		{6F13D25C-B590-4740-8DA7-40465DC589E0}.Debug|Any CPU.Build.0 = Debug|Any CPU
		{6F13D25C-B590-4740-8DA7-40465DC589E0}.Release|Any CPU.ActiveCfg = Release|Any CPU
		{6F13D25C-B590-4740-8DA7-40465DC589E0}.Release|Any CPU.Build.0 = Release|Any CPU
		{74A4F989-273B-4D42-8DD1-ABDA3482316C}.Debug|Any CPU.ActiveCfg = Debug|Any CPU
		{74A4F989-273B-4D42-8DD1-ABDA3482316C}.Debug|Any CPU.Build.0 = Debug|Any CPU
		{74A4F989-273B-4D42-8DD1-ABDA3482316C}.Release|Any CPU.ActiveCfg = Release|Any CPU
		{74A4F989-273B-4D42-8DD1-ABDA3482316C}.Release|Any CPU.Build.0 = Release|Any CPU
	EndGlobalSection
	GlobalSection(SolutionProperties) = preSolution
		HideSolutionNode = FALSE
	EndGlobalSection
	GlobalSection(ExtensibilityGlobals) = postSolution
		SolutionGuid = {EE2D5CBE-1044-4658-8AFB-B507FA7E32AF}
	EndGlobalSection
EndGlobal
